// !$*UTF8*$!
{
	archiveVersion = 1;
	classes = {
	};
	objectVersion = 56;
	objects = {

/* Begin PBXBuildFile section */
		EB37947E2B7AA15800CC6AE1 /* AppDelegate.swift in Sources */ = {isa = PBXBuildFile; fileRef = EB37947D2B7AA15800CC6AE1 /* AppDelegate.swift */; };
		EB3794802B7AA15800CC6AE1 /* SceneDelegate.swift in Sources */ = {isa = PBXBuildFile; fileRef = EB37947F2B7AA15800CC6AE1 /* SceneDelegate.swift */; };
		EB3794822B7AA15800CC6AE1 /* ViewController.swift in Sources */ = {isa = PBXBuildFile; fileRef = EB3794812B7AA15800CC6AE1 /* ViewController.swift */; };
		EB3794852B7AA15800CC6AE1 /* Main.storyboard in Resources */ = {isa = PBXBuildFile; fileRef = EB3794832B7AA15800CC6AE1 /* Main.storyboard */; };
		EB3794872B7AA15900CC6AE1 /* Assets.xcassets in Resources */ = {isa = PBXBuildFile; fileRef = EB3794862B7AA15900CC6AE1 /* Assets.xcassets */; };
		EB37948A2B7AA15900CC6AE1 /* LaunchScreen.storyboard in Resources */ = {isa = PBXBuildFile; fileRef = EB3794882B7AA15900CC6AE1 /* LaunchScreen.storyboard */; };
		EB3794952B7AA15900CC6AE1 /* MultipageTests.swift in Sources */ = {isa = PBXBuildFile; fileRef = EB3794942B7AA15900CC6AE1 /* MultipageTests.swift */; };
		EB37949F2B7AA15900CC6AE1 /* MultipageUITests.swift in Sources */ = {isa = PBXBuildFile; fileRef = EB37949E2B7AA15900CC6AE1 /* MultipageUITests.swift */; };
		EB3794A12B7AA15900CC6AE1 /* MultipageUITestsLaunchTests.swift in Sources */ = {isa = PBXBuildFile; fileRef = EB3794A02B7AA15900CC6AE1 /* MultipageUITestsLaunchTests.swift */; };
/* End PBXBuildFile section */

/* Begin PBXContainerItemProxy section */
		EB3794912B7AA15900CC6AE1 /* PBXContainerItemProxy */ = {
			isa = PBXContainerItemProxy;
			containerPortal = EB3794722B7AA15800CC6AE1 /* Project object */;
			proxyType = 1;
			remoteGlobalIDString = EB3794792B7AA15800CC6AE1;
			remoteInfo = Multipage;
		};
		EB37949B2B7AA15900CC6AE1 /* PBXContainerItemProxy */ = {
			isa = PBXContainerItemProxy;
			containerPortal = EB3794722B7AA15800CC6AE1 /* Project object */;
			proxyType = 1;
			remoteGlobalIDString = EB3794792B7AA15800CC6AE1;
			remoteInfo = Multipage;
		};
/* End PBXContainerItemProxy section */

/* Begin PBXFileReference section */
		EB37947A2B7AA15800CC6AE1 /* Multipage.app */ = {isa = PBXFileReference; explicitFileType = wrapper.application; includeInIndex = 0; path = Multipage.app; sourceTree = BUILT_PRODUCTS_DIR; };
		EB37947D2B7AA15800CC6AE1 /* AppDelegate.swift */ = {isa = PBXFileReference; lastKnownFileType = sourcecode.swift; path = AppDelegate.swift; sourceTree = "<group>"; };
		EB37947F2B7AA15800CC6AE1 /* SceneDelegate.swift */ = {isa = PBXFileReference; lastKnownFileType = sourcecode.swift; path = SceneDelegate.swift; sourceTree = "<group>"; };
		EB3794812B7AA15800CC6AE1 /* ViewController.swift */ = {isa = PBXFileReference; lastKnownFileType = sourcecode.swift; path = ViewController.swift; sourceTree = "<group>"; };
		EB3794842B7AA15800CC6AE1 /* Base */ = {isa = PBXFileReference; lastKnownFileType = file.storyboard; name = Base; path = Base.lproj/Main.storyboard; sourceTree = "<group>"; };
		EB3794862B7AA15900CC6AE1 /* Assets.xcassets */ = {isa = PBXFileReference; lastKnownFileType = folder.assetcatalog; path = Assets.xcassets; sourceTree = "<group>"; };
		EB3794892B7AA15900CC6AE1 /* Base */ = {isa = PBXFileReference; lastKnownFileType = file.storyboard; name = Base; path = Base.lproj/LaunchScreen.storyboard; sourceTree = "<group>"; };
		EB37948B2B7AA15900CC6AE1 /* Info.plist */ = {isa = PBXFileReference; lastKnownFileType = text.plist.xml; path = Info.plist; sourceTree = "<group>"; };
		EB3794902B7AA15900CC6AE1 /* MultipageTests.xctest */ = {isa = PBXFileReference; explicitFileType = wrapper.cfbundle; includeInIndex = 0; path = MultipageTests.xctest; sourceTree = BUILT_PRODUCTS_DIR; };
		EB3794942B7AA15900CC6AE1 /* MultipageTests.swift */ = {isa = PBXFileReference; lastKnownFileType = sourcecode.swift; path = MultipageTests.swift; sourceTree = "<group>"; };
		EB37949A2B7AA15900CC6AE1 /* MultipageUITests.xctest */ = {isa = PBXFileReference; explicitFileType = wrapper.cfbundle; includeInIndex = 0; path = MultipageUITests.xctest; sourceTree = BUILT_PRODUCTS_DIR; };
		EB37949E2B7AA15900CC6AE1 /* MultipageUITests.swift */ = {isa = PBXFileReference; lastKnownFileType = sourcecode.swift; path = MultipageUITests.swift; sourceTree = "<group>"; };
		EB3794A02B7AA15900CC6AE1 /* MultipageUITestsLaunchTests.swift */ = {isa = PBXFileReference; lastKnownFileType = sourcecode.swift; path = MultipageUITestsLaunchTests.swift; sourceTree = "<group>"; };
/* End PBXFileReference section */

/* Begin PBXFrameworksBuildPhase section */
		EB3794772B7AA15800CC6AE1 /* Frameworks */ = {
			isa = PBXFrameworksBuildPhase;
			buildActionMask = 2147483647;
			files = (
			);
			runOnlyForDeploymentPostprocessing = 0;
		};
		EB37948D2B7AA15900CC6AE1 /* Frameworks */ = {
			isa = PBXFrameworksBuildPhase;
			buildActionMask = 2147483647;
			files = (
			);
			runOnlyForDeploymentPostprocessing = 0;
		};
		EB3794972B7AA15900CC6AE1 /* Frameworks */ = {
			isa = PBXFrameworksBuildPhase;
			buildActionMask = 2147483647;
			files = (
			);
			runOnlyForDeploymentPostprocessing = 0;
		};
/* End PBXFrameworksBuildPhase section */

/* Begin PBXGroup section */
		EB3794712B7AA15800CC6AE1 = {
			isa = PBXGroup;
			children = (
				EB37947C2B7AA15800CC6AE1 /* Multipage */,
				EB3794932B7AA15900CC6AE1 /* MultipageTests */,
				EB37949D2B7AA15900CC6AE1 /* MultipageUITests */,
				EB37947B2B7AA15800CC6AE1 /* Products */,
			);
			sourceTree = "<group>";
		};
		EB37947B2B7AA15800CC6AE1 /* Products */ = {
			isa = PBXGroup;
			children = (
				EB37947A2B7AA15800CC6AE1 /* Multipage.app */,
				EB3794902B7AA15900CC6AE1 /* MultipageTests.xctest */,
				EB37949A2B7AA15900CC6AE1 /* MultipageUITests.xctest */,
			);
			name = Products;
			sourceTree = "<group>";
		};
		EB37947C2B7AA15800CC6AE1 /* Multipage */ = {
			isa = PBXGroup;
			children = (
				EB37947D2B7AA15800CC6AE1 /* AppDelegate.swift */,
				EB37947F2B7AA15800CC6AE1 /* SceneDelegate.swift */,
				EB3794812B7AA15800CC6AE1 /* ViewController.swift */,
				EB3794832B7AA15800CC6AE1 /* Main.storyboard */,
				EB3794862B7AA15900CC6AE1 /* Assets.xcassets */,
				EB3794882B7AA15900CC6AE1 /* LaunchScreen.storyboard */,
				EB37948B2B7AA15900CC6AE1 /* Info.plist */,
			);
			path = Multipage;
			sourceTree = "<group>";
		};
		EB3794932B7AA15900CC6AE1 /* MultipageTests */ = {
			isa = PBXGroup;
			children = (
				EB3794942B7AA15900CC6AE1 /* MultipageTests.swift */,
			);
			path = MultipageTests;
			sourceTree = "<group>";
		};
		EB37949D2B7AA15900CC6AE1 /* MultipageUITests */ = {
			isa = PBXGroup;
			children = (
				EB37949E2B7AA15900CC6AE1 /* MultipageUITests.swift */,
				EB3794A02B7AA15900CC6AE1 /* MultipageUITestsLaunchTests.swift */,
			);
			path = MultipageUITests;
			sourceTree = "<group>";
		};
/* End PBXGroup section */

/* Begin PBXNativeTarget section */
		EB3794792B7AA15800CC6AE1 /* Multipage */ = {
			isa = PBXNativeTarget;
			buildConfigurationList = EB3794A42B7AA15900CC6AE1 /* Build configuration list for PBXNativeTarget "Multipage" */;
			buildPhases = (
				EB3794762B7AA15800CC6AE1 /* Sources */,
				EB3794772B7AA15800CC6AE1 /* Frameworks */,
				EB3794782B7AA15800CC6AE1 /* Resources */,
			);
			buildRules = (
			);
			dependencies = (
			);
			name = Multipage;
			productName = Multipage;
			productReference = EB37947A2B7AA15800CC6AE1 /* Multipage.app */;
			productType = "com.apple.product-type.application";
		};
		EB37948F2B7AA15900CC6AE1 /* MultipageTests */ = {
			isa = PBXNativeTarget;
			buildConfigurationList = EB3794A72B7AA15900CC6AE1 /* Build configuration list for PBXNativeTarget "MultipageTests" */;
			buildPhases = (
				EB37948C2B7AA15900CC6AE1 /* Sources */,
				EB37948D2B7AA15900CC6AE1 /* Frameworks */,
				EB37948E2B7AA15900CC6AE1 /* Resources */,
			);
			buildRules = (
			);
			dependencies = (
				EB3794922B7AA15900CC6AE1 /* PBXTargetDependency */,
			);
			name = MultipageTests;
			productName = MultipageTests;
			productReference = EB3794902B7AA15900CC6AE1 /* MultipageTests.xctest */;
			productType = "com.apple.product-type.bundle.unit-test";
		};
		EB3794992B7AA15900CC6AE1 /* MultipageUITests */ = {
			isa = PBXNativeTarget;
			buildConfigurationList = EB3794AA2B7AA15900CC6AE1 /* Build configuration list for PBXNativeTarget "MultipageUITests" */;
			buildPhases = (
				EB3794962B7AA15900CC6AE1 /* Sources */,
				EB3794972B7AA15900CC6AE1 /* Frameworks */,
				EB3794982B7AA15900CC6AE1 /* Resources */,
			);
			buildRules = (
			);
			dependencies = (
				EB37949C2B7AA15900CC6AE1 /* PBXTargetDependency */,
			);
			name = MultipageUITests;
			productName = MultipageUITests;
			productReference = EB37949A2B7AA15900CC6AE1 /* MultipageUITests.xctest */;
			productType = "com.apple.product-type.bundle.ui-testing";
		};
/* End PBXNativeTarget section */

/* Begin PBXProject section */
		EB3794722B7AA15800CC6AE1 /* Project object */ = {
			isa = PBXProject;
			attributes = {
				BuildIndependentTargetsInParallel = 1;
				LastSwiftUpdateCheck = 1520;
				LastUpgradeCheck = 1520;
				TargetAttributes = {
					EB3794792B7AA15800CC6AE1 = {
						CreatedOnToolsVersion = 15.2;
					};
					EB37948F2B7AA15900CC6AE1 = {
						CreatedOnToolsVersion = 15.2;
						TestTargetID = EB3794792B7AA15800CC6AE1;
					};
					EB3794992B7AA15900CC6AE1 = {
						CreatedOnToolsVersion = 15.2;
						TestTargetID = EB3794792B7AA15800CC6AE1;
					};
				};
			};
			buildConfigurationList = EB3794752B7AA15800CC6AE1 /* Build configuration list for PBXProject "Multipage" */;
			compatibilityVersion = "Xcode 14.0";
			developmentRegion = en;
			hasScannedForEncodings = 0;
			knownRegions = (
				en,
				Base,
			);
			mainGroup = EB3794712B7AA15800CC6AE1;
			productRefGroup = EB37947B2B7AA15800CC6AE1 /* Products */;
			projectDirPath = "";
			projectRoot = "";
			targets = (
				EB3794792B7AA15800CC6AE1 /* Multipage */,
				EB37948F2B7AA15900CC6AE1 /* MultipageTests */,
				EB3794992B7AA15900CC6AE1 /* MultipageUITests */,
			);
		};
/* End PBXProject section */

/* Begin PBXResourcesBuildPhase section */
		EB3794782B7AA15800CC6AE1 /* Resources */ = {
			isa = PBXResourcesBuildPhase;
			buildActionMask = 2147483647;
			files = (
				EB37948A2B7AA15900CC6AE1 /* LaunchScreen.storyboard in Resources */,
				EB3794872B7AA15900CC6AE1 /* Assets.xcassets in Resources */,
				EB3794852B7AA15800CC6AE1 /* Main.storyboard in Resources */,
			);
			runOnlyForDeploymentPostprocessing = 0;
		};
		EB37948E2B7AA15900CC6AE1 /* Resources */ = {
			isa = PBXResourcesBuildPhase;
			buildActionMask = 2147483647;
			files = (
			);
			runOnlyForDeploymentPostprocessing = 0;
		};
		EB3794982B7AA15900CC6AE1 /* Resources */ = {
			isa = PBXResourcesBuildPhase;
			buildActionMask = 2147483647;
			files = (
			);
			runOnlyForDeploymentPostprocessing = 0;
		};
/* End PBXResourcesBuildPhase section */

/* Begin PBXSourcesBuildPhase section */
		EB3794762B7AA15800CC6AE1 /* Sources */ = {
			isa = PBXSourcesBuildPhase;
			buildActionMask = 2147483647;
			files = (
				EB3794822B7AA15800CC6AE1 /* ViewController.swift in Sources */,
				EB37947E2B7AA15800CC6AE1 /* AppDelegate.swift in Sources */,
				EB3794802B7AA15800CC6AE1 /* SceneDelegate.swift in Sources */,
			);
			runOnlyForDeploymentPostprocessing = 0;
		};
		EB37948C2B7AA15900CC6AE1 /* Sources */ = {
			isa = PBXSourcesBuildPhase;
			buildActionMask = 2147483647;
			files = (
				EB3794952B7AA15900CC6AE1 /* MultipageTests.swift in Sources */,
			);
			runOnlyForDeploymentPostprocessing = 0;
		};
		EB3794962B7AA15900CC6AE1 /* Sources */ = {
			isa = PBXSourcesBuildPhase;
			buildActionMask = 2147483647;
			files = (
				EB37949F2B7AA15900CC6AE1 /* MultipageUITests.swift in Sources */,
				EB3794A12B7AA15900CC6AE1 /* MultipageUITestsLaunchTests.swift in Sources */,
			);
			runOnlyForDeploymentPostprocessing = 0;
		};
/* End PBXSourcesBuildPhase section */

/* Begin PBXTargetDependency section */
		EB3794922B7AA15900CC6AE1 /* PBXTargetDependency */ = {
			isa = PBXTargetDependency;
			target = EB3794792B7AA15800CC6AE1 /* Multipage */;
			targetProxy = EB3794912B7AA15900CC6AE1 /* PBXContainerItemProxy */;
		};
		EB37949C2B7AA15900CC6AE1 /* PBXTargetDependency */ = {
			isa = PBXTargetDependency;
			target = EB3794792B7AA15800CC6AE1 /* Multipage */;
			targetProxy = EB37949B2B7AA15900CC6AE1 /* PBXContainerItemProxy */;
		};
/* End PBXTargetDependency section */

/* Begin PBXVariantGroup section */
		EB3794832B7AA15800CC6AE1 /* Main.storyboard */ = {
			isa = PBXVariantGroup;
			children = (
				EB3794842B7AA15800CC6AE1 /* Base */,
			);
			name = Main.storyboard;
			sourceTree = "<group>";
		};
		EB3794882B7AA15900CC6AE1 /* LaunchScreen.storyboard */ = {
			isa = PBXVariantGroup;
			children = (
				EB3794892B7AA15900CC6AE1 /* Base */,
			);
			name = LaunchScreen.storyboard;
			sourceTree = "<group>";
		};
/* End PBXVariantGroup section */

/* Begin XCBuildConfiguration section */
		EB3794A22B7AA15900CC6AE1 /* Debug */ = {
			isa = XCBuildConfiguration;
			buildSettings = {
				ALWAYS_SEARCH_USER_PATHS = NO;
				ASSETCATALOG_COMPILER_GENERATE_SWIFT_ASSET_SYMBOL_EXTENSIONS = YES;
				CLANG_ANALYZER_NONNULL = YES;
				CLANG_ANALYZER_NUMBER_OBJECT_CONVERSION = YES_AGGRESSIVE;
				CLANG_CXX_LANGUAGE_STANDARD = "gnu++20";
				CLANG_ENABLE_MODULES = YES;
				CLANG_ENABLE_OBJC_ARC = YES;
				CLANG_ENABLE_OBJC_WEAK = YES;
				CLANG_WARN_BLOCK_CAPTURE_AUTORELEASING = YES;
				CLANG_WARN_BOOL_CONVERSION = YES;
				CLANG_WARN_COMMA = YES;
				CLANG_WARN_CONSTANT_CONVERSION = YES;
				CLANG_WARN_DEPRECATED_OBJC_IMPLEMENTATIONS = YES;
				CLANG_WARN_DIRECT_OBJC_ISA_USAGE = YES_ERROR;
				CLANG_WARN_DOCUMENTATION_COMMENTS = YES;
				CLANG_WARN_EMPTY_BODY = YES;
				CLANG_WARN_ENUM_CONVERSION = YES;
				CLANG_WARN_INFINITE_RECURSION = YES;
				CLANG_WARN_INT_CONVERSION = YES;
				CLANG_WARN_NON_LITERAL_NULL_CONVERSION = YES;
				CLANG_WARN_OBJC_IMPLICIT_RETAIN_SELF = YES;
				CLANG_WARN_OBJC_LITERAL_CONVERSION = YES;
				CLANG_WARN_OBJC_ROOT_CLASS = YES_ERROR;
				CLANG_WARN_QUOTED_INCLUDE_IN_FRAMEWORK_HEADER = YES;
				CLANG_WARN_RANGE_LOOP_ANALYSIS = YES;
				CLANG_WARN_STRICT_PROTOTYPES = YES;
				CLANG_WARN_SUSPICIOUS_MOVE = YES;
				CLANG_WARN_UNGUARDED_AVAILABILITY = YES_AGGRESSIVE;
				CLANG_WARN_UNREACHABLE_CODE = YES;
				CLANG_WARN__DUPLICATE_METHOD_MATCH = YES;
				COPY_PHASE_STRIP = NO;
				DEBUG_INFORMATION_FORMAT = dwarf;
				ENABLE_STRICT_OBJC_MSGSEND = YES;
				ENABLE_TESTABILITY = YES;
				ENABLE_USER_SCRIPT_SANDBOXING = YES;
				GCC_C_LANGUAGE_STANDARD = gnu17;
				GCC_DYNAMIC_NO_PIC = NO;
				GCC_NO_COMMON_BLOCKS = YES;
				GCC_OPTIMIZATION_LEVEL = 0;
				GCC_PREPROCESSOR_DEFINITIONS = (
					"DEBUG=1",
					"$(inherited)",
				);
				GCC_WARN_64_TO_32_BIT_CONVERSION = YES;
				GCC_WARN_ABOUT_RETURN_TYPE = YES_ERROR;
				GCC_WARN_UNDECLARED_SELECTOR = YES;
				GCC_WARN_UNINITIALIZED_AUTOS = YES_AGGRESSIVE;
				GCC_WARN_UNUSED_FUNCTION = YES;
				GCC_WARN_UNUSED_VARIABLE = YES;
				IPHONEOS_DEPLOYMENT_TARGET = 17.2;
				LOCALIZATION_PREFERS_STRING_CATALOGS = YES;
				MTL_ENABLE_DEBUG_INFO = INCLUDE_SOURCE;
				MTL_FAST_MATH = YES;
				ONLY_ACTIVE_ARCH = YES;
				SDKROOT = iphoneos;
				SWIFT_ACTIVE_COMPILATION_CONDITIONS = "DEBUG $(inherited)";
				SWIFT_OPTIMIZATION_LEVEL = "-Onone";
			};
			name = Debug;
		};
		EB3794A32B7AA15900CC6AE1 /* Release */ = {
			isa = XCBuildConfiguration;
			buildSettings = {
				ALWAYS_SEARCH_USER_PATHS = NO;
				ASSETCATALOG_COMPILER_GENERATE_SWIFT_ASSET_SYMBOL_EXTENSIONS = YES;
				CLANG_ANALYZER_NONNULL = YES;
				CLANG_ANALYZER_NUMBER_OBJECT_CONVERSION = YES_AGGRESSIVE;
				CLANG_CXX_LANGUAGE_STANDARD = "gnu++20";
				CLANG_ENABLE_MODULES = YES;
				CLANG_ENABLE_OBJC_ARC = YES;
				CLANG_ENABLE_OBJC_WEAK = YES;
				CLANG_WARN_BLOCK_CAPTURE_AUTORELEASING = YES;
				CLANG_WARN_BOOL_CONVERSION = YES;
				CLANG_WARN_COMMA = YES;
				CLANG_WARN_CONSTANT_CONVERSION = YES;
				CLANG_WARN_DEPRECATED_OBJC_IMPLEMENTATIONS = YES;
				CLANG_WARN_DIRECT_OBJC_ISA_USAGE = YES_ERROR;
				CLANG_WARN_DOCUMENTATION_COMMENTS = YES;
				CLANG_WARN_EMPTY_BODY = YES;
				CLANG_WARN_ENUM_CONVERSION = YES;
				CLANG_WARN_INFINITE_RECURSION = YES;
				CLANG_WARN_INT_CONVERSION = YES;
				CLANG_WARN_NON_LITERAL_NULL_CONVERSION = YES;
				CLANG_WARN_OBJC_IMPLICIT_RETAIN_SELF = YES;
				CLANG_WARN_OBJC_LITERAL_CONVERSION = YES;
				CLANG_WARN_OBJC_ROOT_CLASS = YES_ERROR;
				CLANG_WARN_QUOTED_INCLUDE_IN_FRAMEWORK_HEADER = YES;
				CLANG_WARN_RANGE_LOOP_ANALYSIS = YES;
				CLANG_WARN_STRICT_PROTOTYPES = YES;
				CLANG_WARN_SUSPICIOUS_MOVE = YES;
				CLANG_WARN_UNGUARDED_AVAILABILITY = YES_AGGRESSIVE;
				CLANG_WARN_UNREACHABLE_CODE = YES;
				CLANG_WARN__DUPLICATE_METHOD_MATCH = YES;
				COPY_PHASE_STRIP = NO;
				DEBUG_INFORMATION_FORMAT = "dwarf-with-dsym";
				ENABLE_NS_ASSERTIONS = NO;
				ENABLE_STRICT_OBJC_MSGSEND = YES;
				ENABLE_USER_SCRIPT_SANDBOXING = YES;
				GCC_C_LANGUAGE_STANDARD = gnu17;
				GCC_NO_COMMON_BLOCKS = YES;
				GCC_WARN_64_TO_32_BIT_CONVERSION = YES;
				GCC_WARN_ABOUT_RETURN_TYPE = YES_ERROR;
				GCC_WARN_UNDECLARED_SELECTOR = YES;
				GCC_WARN_UNINITIALIZED_AUTOS = YES_AGGRESSIVE;
				GCC_WARN_UNUSED_FUNCTION = YES;
				GCC_WARN_UNUSED_VARIABLE = YES;
				IPHONEOS_DEPLOYMENT_TARGET = 17.2;
				LOCALIZATION_PREFERS_STRING_CATALOGS = YES;
				MTL_ENABLE_DEBUG_INFO = NO;
				MTL_FAST_MATH = YES;
				SDKROOT = iphoneos;
				SWIFT_COMPILATION_MODE = wholemodule;
				VALIDATE_PRODUCT = YES;
			};
			name = Release;
		};
		EB3794A52B7AA15900CC6AE1 /* Debug */ = {
			isa = XCBuildConfiguration;
			buildSettings = {
				ASSETCATALOG_COMPILER_APPICON_NAME = AppIcon;
				ASSETCATALOG_COMPILER_GLOBAL_ACCENT_COLOR_NAME = AccentColor;
				CODE_SIGN_STYLE = Automatic;
				CURRENT_PROJECT_VERSION = 1;
				GENERATE_INFOPLIST_FILE = YES;
				INFOPLIST_FILE = Multipage/Info.plist;
				INFOPLIST_KEY_UIApplicationSupportsIndirectInputEvents = YES;
				INFOPLIST_KEY_UILaunchStoryboardName = LaunchScreen;
				INFOPLIST_KEY_UIMainStoryboardFile = Main;
				INFOPLIST_KEY_UISupportedInterfaceOrientations_iPad = "UIInterfaceOrientationPortrait UIInterfaceOrientationPortraitUpsideDown UIInterfaceOrientationLandscapeLeft UIInterfaceOrientationLandscapeRight";
				INFOPLIST_KEY_UISupportedInterfaceOrientations_iPhone = "UIInterfaceOrientationPortrait UIInterfaceOrientationLandscapeLeft UIInterfaceOrientationLandscapeRight";
				LD_RUNPATH_SEARCH_PATHS = (
					"$(inherited)",
					"@executable_path/Frameworks",
				);
				MARKETING_VERSION = 1.0;
				PRODUCT_BUNDLE_IDENTIFIER = com.conestoga.Multipage;
				PRODUCT_NAME = "$(TARGET_NAME)";
				SWIFT_EMIT_LOC_STRINGS = YES;
				SWIFT_VERSION = 5.0;
				TARGETED_DEVICE_FAMILY = "1,2";
			};
			name = Debug;
		};
		EB3794A62B7AA15900CC6AE1 /* Release */ = {
			isa = XCBuildConfiguration;
			buildSettings = {
				ASSETCATALOG_COMPILER_APPICON_NAME = AppIcon;
				ASSETCATALOG_COMPILER_GLOBAL_ACCENT_COLOR_NAME = AccentColor;
				CODE_SIGN_STYLE = Automatic;
				CURRENT_PROJECT_VERSION = 1;
				GENERATE_INFOPLIST_FILE = YES;
				INFOPLIST_FILE = Multipage/Info.plist;
				INFOPLIST_KEY_UIApplicationSupportsIndirectInputEvents = YES;
				INFOPLIST_KEY_UILaunchStoryboardName = LaunchScreen;
				INFOPLIST_KEY_UIMainStoryboardFile = Main;
				INFOPLIST_KEY_UISupportedInterfaceOrientations_iPad = "UIInterfaceOrientationPortrait UIInterfaceOrientationPortraitUpsideDown UIInterfaceOrientationLandscapeLeft UIInterfaceOrientationLandscapeRight";
				INFOPLIST_KEY_UISupportedInterfaceOrientations_iPhone = "UIInterfaceOrientationPortrait UIInterfaceOrientationLandscapeLeft UIInterfaceOrientationLandscapeRight";
				LD_RUNPATH_SEARCH_PATHS = (
					"$(inherited)",
					"@executable_path/Frameworks",
				);
				MARKETING_VERSION = 1.0;
				PRODUCT_BUNDLE_IDENTIFIER = com.conestoga.Multipage;
				PRODUCT_NAME = "$(TARGET_NAME)";
				SWIFT_EMIT_LOC_STRINGS = YES;
				SWIFT_VERSION = 5.0;
				TARGETED_DEVICE_FAMILY = "1,2";
			};
			name = Release;
		};
		EB3794A82B7AA15900CC6AE1 /* Debug */ = {
			isa = XCBuildConfiguration;
			buildSettings = {
				ALWAYS_EMBED_SWIFT_STANDARD_LIBRARIES = YES;
				BUNDLE_LOADER = "$(TEST_HOST)";
				CODE_SIGN_STYLE = Automatic;
				CURRENT_PROJECT_VERSION = 1;
				GENERATE_INFOPLIST_FILE = YES;
				IPHONEOS_DEPLOYMENT_TARGET = 17.2;
				MARKETING_VERSION = 1.0;
				PRODUCT_BUNDLE_IDENTIFIER = com.conestoga.MultipageTests;
				PRODUCT_NAME = "$(TARGET_NAME)";
				SWIFT_EMIT_LOC_STRINGS = NO;
				SWIFT_VERSION = 5.0;
				TARGETED_DEVICE_FAMILY = "1,2";
				TEST_HOST = "$(BUILT_PRODUCTS_DIR)/Multipage.app/$(BUNDLE_EXECUTABLE_FOLDER_PATH)/Multipage";
			};
			name = Debug;
		};
		EB3794A92B7AA15900CC6AE1 /* Release */ = {
			isa = XCBuildConfiguration;
			buildSettings = {
				ALWAYS_EMBED_SWIFT_STANDARD_LIBRARIES = YES;
				BUNDLE_LOADER = "$(TEST_HOST)";
				CODE_SIGN_STYLE = Automatic;
				CURRENT_PROJECT_VERSION = 1;
				GENERATE_INFOPLIST_FILE = YES;
				IPHONEOS_DEPLOYMENT_TARGET = 17.2;
				MARKETING_VERSION = 1.0;
				PRODUCT_BUNDLE_IDENTIFIER = com.conestoga.MultipageTests;
				PRODUCT_NAME = "$(TARGET_NAME)";
				SWIFT_EMIT_LOC_STRINGS = NO;
				SWIFT_VERSION = 5.0;
				TARGETED_DEVICE_FAMILY = "1,2";
				TEST_HOST = "$(BUILT_PRODUCTS_DIR)/Multipage.app/$(BUNDLE_EXECUTABLE_FOLDER_PATH)/Multipage";
			};
			name = Release;
		};
		EB3794AB2B7AA15900CC6AE1 /* Debug */ = {
			isa = XCBuildConfiguration;
			buildSettings = {
				ALWAYS_EMBED_SWIFT_STANDARD_LIBRARIES = YES;
				CODE_SIGN_STYLE = Automatic;
				CURRENT_PROJECT_VERSION = 1;
				GENERATE_INFOPLIST_FILE = YES;
				MARKETING_VERSION = 1.0;
				PRODUCT_BUNDLE_IDENTIFIER = com.conestoga.MultipageUITests;
				PRODUCT_NAME = "$(TARGET_NAME)";
				SWIFT_EMIT_LOC_STRINGS = NO;
				SWIFT_VERSION = 5.0;
				TARGETED_DEVICE_FAMILY = "1,2";
				TEST_TARGET_NAME = Multipage;
			};
			name = Debug;
		};
		EB3794AC2B7AA15900CC6AE1 /* Release */ = {
			isa = XCBuildConfiguration;
			buildSettings = {
				ALWAYS_EMBED_SWIFT_STANDARD_LIBRARIES = YES;
				CODE_SIGN_STYLE = Automatic;
				CURRENT_PROJECT_VERSION = 1;
				GENERATE_INFOPLIST_FILE = YES;
				MARKETING_VERSION = 1.0;
				PRODUCT_BUNDLE_IDENTIFIER = com.conestoga.MultipageUITests;
				PRODUCT_NAME = "$(TARGET_NAME)";
				SWIFT_EMIT_LOC_STRINGS = NO;
				SWIFT_VERSION = 5.0;
				TARGETED_DEVICE_FAMILY = "1,2";
				TEST_TARGET_NAME = Multipage;
			};
			name = Release;
		};
/* End XCBuildConfiguration section */

/* Begin XCConfigurationList section */
		EB3794752B7AA15800CC6AE1 /* Build configuration list for PBXProject "Multipage" */ = {
			isa = XCConfigurationList;
			buildConfigurations = (
				EB3794A22B7AA15900CC6AE1 /* Debug */,
				EB3794A32B7AA15900CC6AE1 /* Release */,
			);
			defaultConfigurationIsVisible = 0;
			defaultConfigurationName = Release;
		};
		EB3794A42B7AA15900CC6AE1 /* Build configuration list for PBXNativeTarget "Multipage" */ = {
			isa = XCConfigurationList;
			buildConfigurations = (
				EB3794A52B7AA15900CC6AE1 /* Debug */,
				EB3794A62B7AA15900CC6AE1 /* Release */,
			);
			defaultConfigurationIsVisible = 0;
			defaultConfigurationName = Release;
		};
		EB3794A72B7AA15900CC6AE1 /* Build configuration list for PBXNativeTarget "MultipageTests" */ = {
			isa = XCConfigurationList;
			buildConfigurations = (
				EB3794A82B7AA15900CC6AE1 /* Debug */,
				EB3794A92B7AA15900CC6AE1 /* Release */,
			);
			defaultConfigurationIsVisible = 0;
			defaultConfigurationName = Release;
		};
		EB3794AA2B7AA15900CC6AE1 /* Build configuration list for PBXNativeTarget "MultipageUITests" */ = {
			isa = XCConfigurationList;
			buildConfigurations = (
				EB3794AB2B7AA15900CC6AE1 /* Debug */,
				EB3794AC2B7AA15900CC6AE1 /* Release */,
			);
			defaultConfigurationIsVisible = 0;
			defaultConfigurationName = Release;
		};
/* End XCConfigurationList section */
	};
	rootObject = EB3794722B7AA15800CC6AE1 /* Project object */;
}
